
Microsoft Visual Studio Solution File, Format Version 12.00
# Visual Studio 15
VisualStudioVersion = 15.0.25914.0
MinimumVisualStudioVersion = 10.0.40219.1
Project("{FAE04EC0-301F-11D3-BF4B-00C04F79EFBC}") = "ConfigTransformer", "ConfigTransformer\ConfigTransformer.csproj", "{B6B70E18-01ED-4493-B52F-29D9BCB650CC}"
EndProject
Global
	GlobalSection(SolutionConfigurationPlatforms) = preSolution
		Debug|Any CPU = Debug|Any CPU
		Release|Any CPU = Release|Any CPU
	EndGlobalSection
	GlobalSection(ProjectConfigurationPlatforms) = postSolution
		{B6B70E18-01ED-4493-B52F-29D9BCB650CC}.Debug|Any CPU.ActiveCfg = Debug|Any CPU
		{B6B70E18-01ED-4493-B52F-29D9BCB650CC}.Debug|Any CPU.Build.0 = Debug|Any CPU
		{B6B70E18-01ED-4493-B52F-29D9BCB650CC}.Release|Any CPU.ActiveCfg = Release|Any CPU
		{B6B70E18-01ED-4493-B52F-29D9BCB650CC}.Release|Any CPU.Build.0 = Release|Any CPU
	EndGlobalSection
	GlobalSection(SolutionProperties) = preSolution
		HideSolutionNode = FALSE
	EndGlobalSection
EndGlobal
